{
  "version": 4,
  "terraform_version": "1.0.2",
  "serial": 2135,
  "lineage": "53d97e45-9e7e-f224-4aee-34dc07bbe6ad",
  "outputs": {},
  "resources": [
    {
      "mode": "managed",
      "type": "azurerm_dns_zone",
      "name": "kubernetesDomain",
      "provider": "provider[\"registry.terraform.io/hashicorp/azurerm\"]",
      "instances": [
        {
          "schema_version": 0,
          "attributes": {
            "id": "/subscriptions/d89ae854-96c9-4b68-a01a-d0dbc5667745/resourceGroups/kubernetes_rg/providers/Microsoft.Network/dnszones/kubernetesdomain.com",
            "max_number_of_record_sets": 10000,
            "name": "kubernetesdomain.com",
            "name_servers": [
              "ns1-03.azure-dns.com.",
              "ns2-03.azure-dns.net.",
              "ns3-03.azure-dns.org.",
              "ns4-03.azure-dns.info."
            ],
            "number_of_record_sets": 2,
            "resource_group_name": "kubernetes_rg",
            "soa_record": [
              {
                "email": "azuredns-hostmaster.microsoft.com",
                "expire_time": 2419200,
                "fqdn": "kubernetesdomain.com.",
                "host_name": "ns1-03.azure-dns.com.",
                "minimum_ttl": 300,
                "refresh_time": 3600,
                "retry_time": 300,
                "serial_number": 1,
                "tags": {},
                "ttl": 3600
              }
            ],
            "tags": null,
            "timeouts": null
          },
          "sensitive_attributes": [],
          "private": "eyJlMmJmYjczMC1lY2FhLTExZTYtOGY4OC0zNDM2M2JjN2M0YzAiOnsiY3JlYXRlIjoxODAwMDAwMDAwMDAwLCJkZWxldGUiOjE4MDAwMDAwMDAwMDAsInJlYWQiOjMwMDAwMDAwMDAwMCwidXBkYXRlIjoxODAwMDAwMDAwMDAwfX0=",
          "dependencies": [
            "azurerm_resource_group.rg"
          ]
        }
      ]
    },
    {
      "mode": "managed",
      "type": "azurerm_linux_virtual_machine",
      "name": "myVM",
      "provider": "provider[\"registry.terraform.io/hashicorp/azurerm\"]",
      "instances": [
        {
          "index_key": 0,
          "schema_version": 0,
          "attributes": {
            "additional_capabilities": [],
            "admin_password": null,
            "admin_ssh_key": [
              {
                "public_key": "ssh-rsa AAAAB3NzaC1yc2EAAAADAQABAAABAQDglCoP88WpqjDKb7beKHu7P+Y5ILpU3iolr9issUMECHk8Fi/jcus5dJ00LcKLykQdfdzvOYdNHtadlL1gTotylpS9y0406lmlmq0hP/WO+0cbqCwgpR4nBG7Ld3ERAfzzIoH31XLhjzzD5N+QsjwDY8Dnvx5D/P1eW1Q8DbOdw4WOgLuEm16TwHBrsBIjYgZm3NWfnjyt4zaBgZopcHj7f8Ovhn473I4LFeuwZuTDCHPcy6hLn3jfAdcFTjkJXMkwgnfqf89I/EilgKT8nZBQKrZY3+KhNj+1oy8SZkauJShl+Kwh32msCI+oY5yx7R8HopTghhNpWzyzcLWH5QDj pablo@cc-c07cf834-7449cc985b-tlkdh\n",
                "username": "adminUsername"
              }
            ],
            "admin_username": "adminUsername",
            "allow_extension_operations": true,
            "availability_set_id": "",
            "boot_diagnostics": [
              {
                "storage_account_uri": "https://studentstorageaccountcp2.blob.core.windows.net/"
              }
            ],
            "computer_name": "vm-master",
            "custom_data": null,
            "dedicated_host_id": "",
            "disable_password_authentication": true,
            "encryption_at_host_enabled": false,
            "eviction_policy": "",
            "extensions_time_budget": "PT1H30M",
            "id": "/subscriptions/d89ae854-96c9-4b68-a01a-d0dbc5667745/resourceGroups/kubernetes_rg/providers/Microsoft.Compute/virtualMachines/vm-master",
            "identity": [],
            "location": "westeurope",
            "max_bid_price": -1,
            "name": "vm-master",
            "network_interface_ids": [
              "/subscriptions/d89ae854-96c9-4b68-a01a-d0dbc5667745/resourceGroups/kubernetes_rg/providers/Microsoft.Network/networkInterfaces/vmnicmaster"
            ],
            "os_disk": [
              {
                "caching": "ReadWrite",
                "diff_disk_settings": [],
                "disk_encryption_set_id": "",
                "disk_size_gb": 30,
                "name": "vm-master_OsDisk_1_edc1cc9430414e15a9259d74cffb4541",
                "storage_account_type": "Standard_LRS",
                "write_accelerator_enabled": false
              }
            ],
            "plan": [
              {
                "name": "centos-8-stream-free",
                "product": "centos-8-stream-free",
                "publisher": "cognosys"
              }
            ],
            "priority": "Regular",
            "private_ip_address": "10.0.1.10",
            "private_ip_addresses": [
              "10.0.1.10"
            ],
            "provision_vm_agent": true,
            "proximity_placement_group_id": "",
            "public_ip_address": "104.214.221.70",
            "public_ip_addresses": [
              "104.214.221.70"
            ],
            "resource_group_name": "kubernetes_rg",
            "secret": [],
            "size": "Standard_D2_v2",
            "source_image_id": "",
            "source_image_reference": [
              {
                "offer": "centos-8-stream-free",
                "publisher": "cognosys",
                "sku": "centos-8-stream-free",
                "version": "1.2019.0810"
              }
            ],
            "tags": {
              "environment": "CP2"
            },
            "timeouts": null,
            "virtual_machine_id": "7ec00caf-63e1-429f-be7f-0352a1a7bdaf",
            "virtual_machine_scale_set_id": "",
            "zone": ""
          },
          "sensitive_attributes": [],
          "private": "eyJlMmJmYjczMC1lY2FhLTExZTYtOGY4OC0zNDM2M2JjN2M0YzAiOnsiY3JlYXRlIjoyNzAwMDAwMDAwMDAwLCJkZWxldGUiOjI3MDAwMDAwMDAwMDAsInJlYWQiOjMwMDAwMDAwMDAwMCwidXBkYXRlIjoyNzAwMDAwMDAwMDAwfX0=",
          "dependencies": [
            "azurerm_network_interface.myNic",
            "azurerm_public_ip.myPublicIp",
            "azurerm_resource_group.rg",
            "azurerm_storage_account.mystAccount",
            "azurerm_subnet.mySubnet",
            "azurerm_virtual_network.myNet"
          ]
        },
        {
          "index_key": 1,
          "schema_version": 0,
          "attributes": {
            "additional_capabilities": [],
            "admin_password": null,
            "admin_ssh_key": [
              {
                "public_key": "ssh-rsa AAAAB3NzaC1yc2EAAAADAQABAAABAQDglCoP88WpqjDKb7beKHu7P+Y5ILpU3iolr9issUMECHk8Fi/jcus5dJ00LcKLykQdfdzvOYdNHtadlL1gTotylpS9y0406lmlmq0hP/WO+0cbqCwgpR4nBG7Ld3ERAfzzIoH31XLhjzzD5N+QsjwDY8Dnvx5D/P1eW1Q8DbOdw4WOgLuEm16TwHBrsBIjYgZm3NWfnjyt4zaBgZopcHj7f8Ovhn473I4LFeuwZuTDCHPcy6hLn3jfAdcFTjkJXMkwgnfqf89I/EilgKT8nZBQKrZY3+KhNj+1oy8SZkauJShl+Kwh32msCI+oY5yx7R8HopTghhNpWzyzcLWH5QDj pablo@cc-c07cf834-7449cc985b-tlkdh\n",
                "username": "adminUsername"
              }
            ],
            "admin_username": "adminUsername",
            "allow_extension_operations": true,
            "availability_set_id": "",
            "boot_diagnostics": [
              {
                "storage_account_uri": "https://studentstorageaccountcp2.blob.core.windows.net/"
              }
            ],
            "computer_name": "vm-worker01",
            "custom_data": null,
            "dedicated_host_id": "",
            "disable_password_authentication": true,
            "encryption_at_host_enabled": false,
            "eviction_policy": "",
            "extensions_time_budget": "PT1H30M",
            "id": "/subscriptions/d89ae854-96c9-4b68-a01a-d0dbc5667745/resourceGroups/kubernetes_rg/providers/Microsoft.Compute/virtualMachines/vm-worker01",
            "identity": [],
            "location": "westeurope",
            "max_bid_price": -1,
            "name": "vm-worker01",
            "network_interface_ids": [
              "/subscriptions/d89ae854-96c9-4b68-a01a-d0dbc5667745/resourceGroups/kubernetes_rg/providers/Microsoft.Network/networkInterfaces/vmnicworker01"
            ],
            "os_disk": [
              {
                "caching": "ReadWrite",
                "diff_disk_settings": [],
                "disk_encryption_set_id": "",
                "disk_size_gb": 30,
                "name": "vm-worker01_OsDisk_1_7f3a019c7d754f5c8024d9c0d689bc2d",
                "storage_account_type": "Standard_LRS",
                "write_accelerator_enabled": false
              }
            ],
            "plan": [
              {
                "name": "centos-8-stream-free",
                "product": "centos-8-stream-free",
                "publisher": "cognosys"
              }
            ],
            "priority": "Regular",
            "private_ip_address": "10.0.1.11",
            "private_ip_addresses": [
              "10.0.1.11"
            ],
            "provision_vm_agent": true,
            "proximity_placement_group_id": "",
            "public_ip_address": "104.214.221.129",
            "public_ip_addresses": [
              "104.214.221.129"
            ],
            "resource_group_name": "kubernetes_rg",
            "secret": [],
            "size": "Standard_D1_v2",
            "source_image_id": "",
            "source_image_reference": [
              {
                "offer": "centos-8-stream-free",
                "publisher": "cognosys",
                "sku": "centos-8-stream-free",
                "version": "1.2019.0810"
              }
            ],
            "tags": {
              "environment": "CP2"
            },
            "timeouts": null,
            "virtual_machine_id": "e4511a7b-9b51-427f-8ba7-79585744d9d0",
            "virtual_machine_scale_set_id": "",
            "zone": ""
          },
          "sensitive_attributes": [],
          "private": "eyJlMmJmYjczMC1lY2FhLTExZTYtOGY4OC0zNDM2M2JjN2M0YzAiOnsiY3JlYXRlIjoyNzAwMDAwMDAwMDAwLCJkZWxldGUiOjI3MDAwMDAwMDAwMDAsInJlYWQiOjMwMDAwMDAwMDAwMCwidXBkYXRlIjoyNzAwMDAwMDAwMDAwfX0=",
          "dependencies": [
            "azurerm_network_interface.myNic",
            "azurerm_public_ip.myPublicIp",
            "azurerm_resource_group.rg",
            "azurerm_storage_account.mystAccount",
            "azurerm_subnet.mySubnet",
            "azurerm_virtual_network.myNet"
          ]
        },
        {
          "index_key": 2,
          "schema_version": 0,
          "attributes": {
            "additional_capabilities": [],
            "admin_password": null,
            "admin_ssh_key": [
              {
                "public_key": "ssh-rsa AAAAB3NzaC1yc2EAAAADAQABAAABAQDglCoP88WpqjDKb7beKHu7P+Y5ILpU3iolr9issUMECHk8Fi/jcus5dJ00LcKLykQdfdzvOYdNHtadlL1gTotylpS9y0406lmlmq0hP/WO+0cbqCwgpR4nBG7Ld3ERAfzzIoH31XLhjzzD5N+QsjwDY8Dnvx5D/P1eW1Q8DbOdw4WOgLuEm16TwHBrsBIjYgZm3NWfnjyt4zaBgZopcHj7f8Ovhn473I4LFeuwZuTDCHPcy6hLn3jfAdcFTjkJXMkwgnfqf89I/EilgKT8nZBQKrZY3+KhNj+1oy8SZkauJShl+Kwh32msCI+oY5yx7R8HopTghhNpWzyzcLWH5QDj pablo@cc-c07cf834-7449cc985b-tlkdh\n",
                "username": "adminUsername"
              }
            ],
            "admin_username": "adminUsername",
            "allow_extension_operations": true,
            "availability_set_id": "",
            "boot_diagnostics": [
              {
                "storage_account_uri": "https://studentstorageaccountcp2.blob.core.windows.net/"
              }
            ],
            "computer_name": "vm-worker02",
            "custom_data": null,
            "dedicated_host_id": "",
            "disable_password_authentication": true,
            "encryption_at_host_enabled": false,
            "eviction_policy": "",
            "extensions_time_budget": "PT1H30M",
            "id": "/subscriptions/d89ae854-96c9-4b68-a01a-d0dbc5667745/resourceGroups/kubernetes_rg/providers/Microsoft.Compute/virtualMachines/vm-worker02",
            "identity": [],
            "location": "westeurope",
            "max_bid_price": -1,
            "name": "vm-worker02",
            "network_interface_ids": [
              "/subscriptions/d89ae854-96c9-4b68-a01a-d0dbc5667745/resourceGroups/kubernetes_rg/providers/Microsoft.Network/networkInterfaces/vmnicworker02"
            ],
            "os_disk": [
              {
                "caching": "ReadWrite",
                "diff_disk_settings": [],
                "disk_encryption_set_id": "",
                "disk_size_gb": 30,
                "name": "vm-worker02_OsDisk_1_3904dbfb8ccc4a808bbbc39f63115fd5",
                "storage_account_type": "Standard_LRS",
                "write_accelerator_enabled": false
              }
            ],
            "plan": [
              {
                "name": "centos-8-stream-free",
                "product": "centos-8-stream-free",
                "publisher": "cognosys"
              }
            ],
            "priority": "Regular",
            "private_ip_address": "10.0.1.12",
            "private_ip_addresses": [
              "10.0.1.12"
            ],
            "provision_vm_agent": true,
            "proximity_placement_group_id": "",
            "public_ip_address": "104.214.221.123",
            "public_ip_addresses": [
              "104.214.221.123"
            ],
            "resource_group_name": "kubernetes_rg",
            "secret": [],
            "size": "Standard_D1_v2",
            "source_image_id": "",
            "source_image_reference": [
              {
                "offer": "centos-8-stream-free",
                "publisher": "cognosys",
                "sku": "centos-8-stream-free",
                "version": "1.2019.0810"
              }
            ],
            "tags": {
              "environment": "CP2"
            },
            "timeouts": null,
            "virtual_machine_id": "502df349-0db2-442d-80c7-c3ca9517da68",
            "virtual_machine_scale_set_id": "",
            "zone": ""
          },
          "sensitive_attributes": [],
          "private": "eyJlMmJmYjczMC1lY2FhLTExZTYtOGY4OC0zNDM2M2JjN2M0YzAiOnsiY3JlYXRlIjoyNzAwMDAwMDAwMDAwLCJkZWxldGUiOjI3MDAwMDAwMDAwMDAsInJlYWQiOjMwMDAwMDAwMDAwMCwidXBkYXRlIjoyNzAwMDAwMDAwMDAwfX0=",
          "dependencies": [
            "azurerm_network_interface.myNic",
            "azurerm_public_ip.myPublicIp",
            "azurerm_resource_group.rg",
            "azurerm_storage_account.mystAccount",
            "azurerm_subnet.mySubnet",
            "azurerm_virtual_network.myNet"
          ]
        }
      ]
    },
    {
      "mode": "managed",
      "type": "azurerm_network_interface",
      "name": "myNic",
      "provider": "provider[\"registry.terraform.io/hashicorp/azurerm\"]",
      "instances": [
        {
          "index_key": 0,
          "schema_version": 0,
          "attributes": {
            "applied_dns_servers": [],
            "dns_servers": [],
            "enable_accelerated_networking": false,
            "enable_ip_forwarding": false,
            "id": "/subscriptions/d89ae854-96c9-4b68-a01a-d0dbc5667745/resourceGroups/kubernetes_rg/providers/Microsoft.Network/networkInterfaces/vmnicmaster",
            "internal_dns_name_label": "",
            "internal_domain_name_suffix": "x0nypteyzjguvfpqro0ptqkvkf.ax.internal.cloudapp.net",
            "ip_configuration": [
              {
                "name": "ipconfmaster",
                "primary": true,
                "private_ip_address": "10.0.1.10",
                "private_ip_address_allocation": "Static",
                "private_ip_address_version": "IPv4",
                "public_ip_address_id": "/subscriptions/d89ae854-96c9-4b68-a01a-d0dbc5667745/resourceGroups/kubernetes_rg/providers/Microsoft.Network/publicIPAddresses/vmipmaster",
                "subnet_id": "/subscriptions/d89ae854-96c9-4b68-a01a-d0dbc5667745/resourceGroups/kubernetes_rg/providers/Microsoft.Network/virtualNetworks/kubernetesnet/subnets/terraformsubnet"
              }
            ],
            "location": "westeurope",
            "mac_address": "",
            "name": "vmnicmaster",
            "private_ip_address": "10.0.1.10",
            "private_ip_addresses": [
              "10.0.1.10"
            ],
            "resource_group_name": "kubernetes_rg",
            "tags": {
              "environment": "CP2"
            },
            "timeouts": null,
            "virtual_machine_id": ""
          },
          "sensitive_attributes": [],
          "private": "eyJlMmJmYjczMC1lY2FhLTExZTYtOGY4OC0zNDM2M2JjN2M0YzAiOnsiY3JlYXRlIjoxODAwMDAwMDAwMDAwLCJkZWxldGUiOjE4MDAwMDAwMDAwMDAsInJlYWQiOjMwMDAwMDAwMDAwMCwidXBkYXRlIjoxODAwMDAwMDAwMDAwfX0=",
          "dependencies": [
            "azurerm_public_ip.myPublicIp",
            "azurerm_resource_group.rg",
            "azurerm_subnet.mySubnet",
            "azurerm_virtual_network.myNet"
          ]
        },
        {
          "index_key": 1,
          "schema_version": 0,
          "attributes": {
            "applied_dns_servers": [],
            "dns_servers": [],
            "enable_accelerated_networking": false,
            "enable_ip_forwarding": false,
            "id": "/subscriptions/d89ae854-96c9-4b68-a01a-d0dbc5667745/resourceGroups/kubernetes_rg/providers/Microsoft.Network/networkInterfaces/vmnicworker01",
            "internal_dns_name_label": "",
            "internal_domain_name_suffix": "x0nypteyzjguvfpqro0ptqkvkf.ax.internal.cloudapp.net",
            "ip_configuration": [
              {
                "name": "ipconfworker01",
                "primary": true,
                "private_ip_address": "10.0.1.11",
                "private_ip_address_allocation": "Static",
                "private_ip_address_version": "IPv4",
                "public_ip_address_id": "/subscriptions/d89ae854-96c9-4b68-a01a-d0dbc5667745/resourceGroups/kubernetes_rg/providers/Microsoft.Network/publicIPAddresses/vmipworker01",
                "subnet_id": "/subscriptions/d89ae854-96c9-4b68-a01a-d0dbc5667745/resourceGroups/kubernetes_rg/providers/Microsoft.Network/virtualNetworks/kubernetesnet/subnets/terraformsubnet"
              }
            ],
            "location": "westeurope",
            "mac_address": "",
            "name": "vmnicworker01",
            "private_ip_address": "10.0.1.11",
            "private_ip_addresses": [
              "10.0.1.11"
            ],
            "resource_group_name": "kubernetes_rg",
            "tags": {
              "environment": "CP2"
            },
            "timeouts": null,
            "virtual_machine_id": ""
          },
          "sensitive_attributes": [],
          "private": "eyJlMmJmYjczMC1lY2FhLTExZTYtOGY4OC0zNDM2M2JjN2M0YzAiOnsiY3JlYXRlIjoxODAwMDAwMDAwMDAwLCJkZWxldGUiOjE4MDAwMDAwMDAwMDAsInJlYWQiOjMwMDAwMDAwMDAwMCwidXBkYXRlIjoxODAwMDAwMDAwMDAwfX0=",
          "dependencies": [
            "azurerm_public_ip.myPublicIp",
            "azurerm_resource_group.rg",
            "azurerm_subnet.mySubnet",
            "azurerm_virtual_network.myNet"
          ]
        },
        {
          "index_key": 2,
          "schema_version": 0,
          "attributes": {
            "applied_dns_servers": [],
            "dns_servers": [],
            "enable_accelerated_networking": false,
            "enable_ip_forwarding": false,
            "id": "/subscriptions/d89ae854-96c9-4b68-a01a-d0dbc5667745/resourceGroups/kubernetes_rg/providers/Microsoft.Network/networkInterfaces/vmnicworker02",
            "internal_dns_name_label": "",
            "internal_domain_name_suffix": "x0nypteyzjguvfpqro0ptqkvkf.ax.internal.cloudapp.net",
            "ip_configuration": [
              {
                "name": "ipconfworker02",
                "primary": true,
                "private_ip_address": "10.0.1.12",
                "private_ip_address_allocation": "Static",
                "private_ip_address_version": "IPv4",
                "public_ip_address_id": "/subscriptions/d89ae854-96c9-4b68-a01a-d0dbc5667745/resourceGroups/kubernetes_rg/providers/Microsoft.Network/publicIPAddresses/vmipworker02",
                "subnet_id": "/subscriptions/d89ae854-96c9-4b68-a01a-d0dbc5667745/resourceGroups/kubernetes_rg/providers/Microsoft.Network/virtualNetworks/kubernetesnet/subnets/terraformsubnet"
              }
            ],
            "location": "westeurope",
            "mac_address": "",
            "name": "vmnicworker02",
            "private_ip_address": "10.0.1.12",
            "private_ip_addresses": [
              "10.0.1.12"
            ],
            "resource_group_name": "kubernetes_rg",
            "tags": {
              "environment": "CP2"
            },
            "timeouts": null,
            "virtual_machine_id": ""
          },
          "sensitive_attributes": [],
          "private": "eyJlMmJmYjczMC1lY2FhLTExZTYtOGY4OC0zNDM2M2JjN2M0YzAiOnsiY3JlYXRlIjoxODAwMDAwMDAwMDAwLCJkZWxldGUiOjE4MDAwMDAwMDAwMDAsInJlYWQiOjMwMDAwMDAwMDAwMCwidXBkYXRlIjoxODAwMDAwMDAwMDAwfX0=",
          "dependencies": [
            "azurerm_public_ip.myPublicIp",
            "azurerm_resource_group.rg",
            "azurerm_subnet.mySubnet",
            "azurerm_virtual_network.myNet"
          ]
        }
      ]
    },
    {
      "mode": "managed",
      "type": "azurerm_network_interface_security_group_association",
      "name": "mySecGroupAssociation",
      "provider": "provider[\"registry.terraform.io/hashicorp/azurerm\"]",
      "instances": [
        {
          "index_key": 0,
          "schema_version": 0,
          "attributes": {
            "id": "/subscriptions/d89ae854-96c9-4b68-a01a-d0dbc5667745/resourceGroups/kubernetes_rg/providers/Microsoft.Network/networkInterfaces/vmnicmaster|/subscriptions/d89ae854-96c9-4b68-a01a-d0dbc5667745/resourceGroups/kubernetes_rg/providers/Microsoft.Network/networkSecurityGroups/sshtraffic",
            "network_interface_id": "/subscriptions/d89ae854-96c9-4b68-a01a-d0dbc5667745/resourceGroups/kubernetes_rg/providers/Microsoft.Network/networkInterfaces/vmnicmaster",
            "network_security_group_id": "/subscriptions/d89ae854-96c9-4b68-a01a-d0dbc5667745/resourceGroups/kubernetes_rg/providers/Microsoft.Network/networkSecurityGroups/sshtraffic",
            "timeouts": null
          },
          "sensitive_attributes": [],
          "private": "eyJlMmJmYjczMC1lY2FhLTExZTYtOGY4OC0zNDM2M2JjN2M0YzAiOnsiY3JlYXRlIjoxODAwMDAwMDAwMDAwLCJkZWxldGUiOjE4MDAwMDAwMDAwMDAsInJlYWQiOjMwMDAwMDAwMDAwMCwidXBkYXRlIjoxODAwMDAwMDAwMDAwfX0=",
          "dependencies": [
            "azurerm_network_interface.myNic",
            "azurerm_network_security_group.mySecGroup",
            "azurerm_public_ip.myPublicIp",
            "azurerm_resource_group.rg",
            "azurerm_subnet.mySubnet",
            "azurerm_virtual_network.myNet"
          ]
        },
        {
          "index_key": 1,
          "schema_version": 0,
          "attributes": {
            "id": "/subscriptions/d89ae854-96c9-4b68-a01a-d0dbc5667745/resourceGroups/kubernetes_rg/providers/Microsoft.Network/networkInterfaces/vmnicworker01|/subscriptions/d89ae854-96c9-4b68-a01a-d0dbc5667745/resourceGroups/kubernetes_rg/providers/Microsoft.Network/networkSecurityGroups/sshtraffic",
            "network_interface_id": "/subscriptions/d89ae854-96c9-4b68-a01a-d0dbc5667745/resourceGroups/kubernetes_rg/providers/Microsoft.Network/networkInterfaces/vmnicworker01",
            "network_security_group_id": "/subscriptions/d89ae854-96c9-4b68-a01a-d0dbc5667745/resourceGroups/kubernetes_rg/providers/Microsoft.Network/networkSecurityGroups/sshtraffic",
            "timeouts": null
          },
          "sensitive_attributes": [],
          "private": "eyJlMmJmYjczMC1lY2FhLTExZTYtOGY4OC0zNDM2M2JjN2M0YzAiOnsiY3JlYXRlIjoxODAwMDAwMDAwMDAwLCJkZWxldGUiOjE4MDAwMDAwMDAwMDAsInJlYWQiOjMwMDAwMDAwMDAwMCwidXBkYXRlIjoxODAwMDAwMDAwMDAwfX0=",
          "dependencies": [
            "azurerm_network_interface.myNic",
            "azurerm_network_security_group.mySecGroup",
            "azurerm_public_ip.myPublicIp",
            "azurerm_resource_group.rg",
            "azurerm_subnet.mySubnet",
            "azurerm_virtual_network.myNet"
          ]
        },
        {
          "index_key": 2,
          "schema_version": 0,
          "attributes": {
            "id": "/subscriptions/d89ae854-96c9-4b68-a01a-d0dbc5667745/resourceGroups/kubernetes_rg/providers/Microsoft.Network/networkInterfaces/vmnicworker02|/subscriptions/d89ae854-96c9-4b68-a01a-d0dbc5667745/resourceGroups/kubernetes_rg/providers/Microsoft.Network/networkSecurityGroups/sshtraffic",
            "network_interface_id": "/subscriptions/d89ae854-96c9-4b68-a01a-d0dbc5667745/resourceGroups/kubernetes_rg/providers/Microsoft.Network/networkInterfaces/vmnicworker02",
            "network_security_group_id": "/subscriptions/d89ae854-96c9-4b68-a01a-d0dbc5667745/resourceGroups/kubernetes_rg/providers/Microsoft.Network/networkSecurityGroups/sshtraffic",
            "timeouts": null
          },
          "sensitive_attributes": [],
          "private": "eyJlMmJmYjczMC1lY2FhLTExZTYtOGY4OC0zNDM2M2JjN2M0YzAiOnsiY3JlYXRlIjoxODAwMDAwMDAwMDAwLCJkZWxldGUiOjE4MDAwMDAwMDAwMDAsInJlYWQiOjMwMDAwMDAwMDAwMCwidXBkYXRlIjoxODAwMDAwMDAwMDAwfX0=",
          "dependencies": [
            "azurerm_network_interface.myNic",
            "azurerm_network_security_group.mySecGroup",
            "azurerm_public_ip.myPublicIp",
            "azurerm_resource_group.rg",
            "azurerm_subnet.mySubnet",
            "azurerm_virtual_network.myNet"
          ]
        }
      ]
    },
    {
      "mode": "managed",
      "type": "azurerm_network_security_group",
      "name": "mySecGroup",
      "provider": "provider[\"registry.terraform.io/hashicorp/azurerm\"]",
      "instances": [
        {
          "schema_version": 0,
          "attributes": {
            "id": "/subscriptions/d89ae854-96c9-4b68-a01a-d0dbc5667745/resourceGroups/kubernetes_rg/providers/Microsoft.Network/networkSecurityGroups/sshtraffic",
            "location": "westeurope",
            "name": "sshtraffic",
            "resource_group_name": "kubernetes_rg",
            "security_rule": [
              {
                "access": "Allow",
                "description": "",
                "destination_address_prefix": "*",
                "destination_address_prefixes": [],
                "destination_application_security_group_ids": [],
                "destination_port_range": "22",
                "destination_port_ranges": [],
                "direction": "Inbound",
                "name": "SSH",
                "priority": 1001,
                "protocol": "Tcp",
                "source_address_prefix": "*",
                "source_address_prefixes": [],
                "source_application_security_group_ids": [],
                "source_port_range": "*",
                "source_port_ranges": []
              }
            ],
            "tags": {
              "environment": "CP2"
            },
            "timeouts": null
          },
          "sensitive_attributes": [],
          "private": "eyJlMmJmYjczMC1lY2FhLTExZTYtOGY4OC0zNDM2M2JjN2M0YzAiOnsiY3JlYXRlIjoxODAwMDAwMDAwMDAwLCJkZWxldGUiOjE4MDAwMDAwMDAwMDAsInJlYWQiOjMwMDAwMDAwMDAwMCwidXBkYXRlIjoxODAwMDAwMDAwMDAwfX0=",
          "dependencies": [
            "azurerm_resource_group.rg"
          ]
        }
      ]
    },
    {
      "mode": "managed",
      "type": "azurerm_public_ip",
      "name": "myPublicIp",
      "provider": "provider[\"registry.terraform.io/hashicorp/azurerm\"]",
      "instances": [
        {
          "index_key": 0,
          "schema_version": 0,
          "attributes": {
            "allocation_method": "Static",
            "domain_name_label": "vm-master",
            "fqdn": "vm-master.westeurope.cloudapp.azure.com",
            "id": "/subscriptions/d89ae854-96c9-4b68-a01a-d0dbc5667745/resourceGroups/kubernetes_rg/providers/Microsoft.Network/publicIPAddresses/vmipmaster",
            "idle_timeout_in_minutes": 4,
            "ip_address": "104.214.221.70",
            "ip_version": "IPv4",
            "location": "westeurope",
            "name": "vmipmaster",
            "public_ip_prefix_id": null,
            "resource_group_name": "kubernetes_rg",
            "reverse_fqdn": "",
            "sku": "Basic",
            "tags": {
              "environment": "CP2"
            },
            "timeouts": null,
            "zones": null
          },
          "sensitive_attributes": [],
          "private": "eyJlMmJmYjczMC1lY2FhLTExZTYtOGY4OC0zNDM2M2JjN2M0YzAiOnsiY3JlYXRlIjoxODAwMDAwMDAwMDAwLCJkZWxldGUiOjE4MDAwMDAwMDAwMDAsInJlYWQiOjMwMDAwMDAwMDAwMCwidXBkYXRlIjoxODAwMDAwMDAwMDAwfX0=",
          "dependencies": [
            "azurerm_resource_group.rg"
          ]
        },
        {
          "index_key": 1,
          "schema_version": 0,
          "attributes": {
            "allocation_method": "Static",
            "domain_name_label": "vm-worker01",
            "fqdn": "vm-worker01.westeurope.cloudapp.azure.com",
            "id": "/subscriptions/d89ae854-96c9-4b68-a01a-d0dbc5667745/resourceGroups/kubernetes_rg/providers/Microsoft.Network/publicIPAddresses/vmipworker01",
            "idle_timeout_in_minutes": 4,
            "ip_address": "104.214.221.129",
            "ip_version": "IPv4",
            "location": "westeurope",
            "name": "vmipworker01",
            "public_ip_prefix_id": null,
            "resource_group_name": "kubernetes_rg",
            "reverse_fqdn": "",
            "sku": "Basic",
            "tags": {
              "environment": "CP2"
            },
            "timeouts": null,
            "zones": null
          },
          "sensitive_attributes": [],
          "private": "eyJlMmJmYjczMC1lY2FhLTExZTYtOGY4OC0zNDM2M2JjN2M0YzAiOnsiY3JlYXRlIjoxODAwMDAwMDAwMDAwLCJkZWxldGUiOjE4MDAwMDAwMDAwMDAsInJlYWQiOjMwMDAwMDAwMDAwMCwidXBkYXRlIjoxODAwMDAwMDAwMDAwfX0=",
          "dependencies": [
            "azurerm_resource_group.rg"
          ]
        },
        {
          "index_key": 2,
          "schema_version": 0,
          "attributes": {
            "allocation_method": "Static",
            "domain_name_label": "vm-worker02",
            "fqdn": "vm-worker02.westeurope.cloudapp.azure.com",
            "id": "/subscriptions/d89ae854-96c9-4b68-a01a-d0dbc5667745/resourceGroups/kubernetes_rg/providers/Microsoft.Network/publicIPAddresses/vmipworker02",
            "idle_timeout_in_minutes": 4,
            "ip_address": "104.214.221.123",
            "ip_version": "IPv4",
            "location": "westeurope",
            "name": "vmipworker02",
            "public_ip_prefix_id": null,
            "resource_group_name": "kubernetes_rg",
            "reverse_fqdn": "",
            "sku": "Basic",
            "tags": {
              "environment": "CP2"
            },
            "timeouts": null,
            "zones": null
          },
          "sensitive_attributes": [],
          "private": "eyJlMmJmYjczMC1lY2FhLTExZTYtOGY4OC0zNDM2M2JjN2M0YzAiOnsiY3JlYXRlIjoxODAwMDAwMDAwMDAwLCJkZWxldGUiOjE4MDAwMDAwMDAwMDAsInJlYWQiOjMwMDAwMDAwMDAwMCwidXBkYXRlIjoxODAwMDAwMDAwMDAwfX0=",
          "dependencies": [
            "azurerm_resource_group.rg"
          ]
        }
      ]
    },
    {
      "mode": "managed",
      "type": "azurerm_resource_group",
      "name": "rg",
      "provider": "provider[\"registry.terraform.io/hashicorp/azurerm\"]",
      "instances": [
        {
          "schema_version": 0,
          "attributes": {
            "id": "/subscriptions/d89ae854-96c9-4b68-a01a-d0dbc5667745/resourceGroups/kubernetes_rg",
            "location": "westeurope",
            "name": "kubernetes_rg",
            "tags": {
              "environment": "CP2"
            },
            "timeouts": null
          },
          "sensitive_attributes": [],
          "private": "eyJlMmJmYjczMC1lY2FhLTExZTYtOGY4OC0zNDM2M2JjN2M0YzAiOnsiY3JlYXRlIjo1NDAwMDAwMDAwMDAwLCJkZWxldGUiOjU0MDAwMDAwMDAwMDAsInJlYWQiOjMwMDAwMDAwMDAwMCwidXBkYXRlIjo1NDAwMDAwMDAwMDAwfX0="
        }
      ]
    },
    {
      "mode": "managed",
      "type": "azurerm_storage_account",
      "name": "mystAccount",
      "provider": "provider[\"registry.terraform.io/hashicorp/azurerm\"]",
      "instances": [
        {
          "schema_version": 2,
          "attributes": {
            "access_tier": "Hot",
            "account_kind": "StorageV2",
            "account_replication_type": "LRS",
            "account_tier": "Standard",
            "allow_blob_public_access": false,
            "blob_properties": [],
            "custom_domain": [],
            "enable_https_traffic_only": true,
            "id": "/subscriptions/d89ae854-96c9-4b68-a01a-d0dbc5667745/resourceGroups/kubernetes_rg/providers/Microsoft.Storage/storageAccounts/studentstorageaccountcp2",
            "identity": [],
            "is_hns_enabled": false,
            "large_file_share_enabled": null,
            "location": "westeurope",
            "min_tls_version": "TLS1_0",
            "name": "studentstorageaccountcp2",
            "network_rules": [
              {
                "bypass": [
                  "AzureServices"
                ],
                "default_action": "Allow",
                "ip_rules": [],
                "virtual_network_subnet_ids": []
              }
            ],
            "primary_access_key": "wC+Amnqxg5XzBI2FdNrwDdL2fKdUxIae12rhtIh9ULr6txWgHiKuCmfBAuTQQnVYBzKk+BKqgu8ubZ37DWuu2A==",
            "primary_blob_connection_string": "DefaultEndpointsProtocol=https;BlobEndpoint=https://studentstorageaccountcp2.blob.core.windows.net/;AccountName=studentstorageaccountcp2;AccountKey=wC+Amnqxg5XzBI2FdNrwDdL2fKdUxIae12rhtIh9ULr6txWgHiKuCmfBAuTQQnVYBzKk+BKqgu8ubZ37DWuu2A==",
            "primary_blob_endpoint": "https://studentstorageaccountcp2.blob.core.windows.net/",
            "primary_blob_host": "studentstorageaccountcp2.blob.core.windows.net",
            "primary_connection_string": "DefaultEndpointsProtocol=https;AccountName=studentstorageaccountcp2;AccountKey=wC+Amnqxg5XzBI2FdNrwDdL2fKdUxIae12rhtIh9ULr6txWgHiKuCmfBAuTQQnVYBzKk+BKqgu8ubZ37DWuu2A==;EndpointSuffix=core.windows.net",
            "primary_dfs_endpoint": "https://studentstorageaccountcp2.dfs.core.windows.net/",
            "primary_dfs_host": "studentstorageaccountcp2.dfs.core.windows.net",
            "primary_file_endpoint": "https://studentstorageaccountcp2.file.core.windows.net/",
            "primary_file_host": "studentstorageaccountcp2.file.core.windows.net",
            "primary_location": "westeurope",
            "primary_queue_endpoint": "https://studentstorageaccountcp2.queue.core.windows.net/",
            "primary_queue_host": "studentstorageaccountcp2.queue.core.windows.net",
            "primary_table_endpoint": "https://studentstorageaccountcp2.table.core.windows.net/",
            "primary_table_host": "studentstorageaccountcp2.table.core.windows.net",
            "primary_web_endpoint": "https://studentstorageaccountcp2.z6.web.core.windows.net/",
            "primary_web_host": "studentstorageaccountcp2.z6.web.core.windows.net",
            "queue_properties": [
              {
                "cors_rule": [],
                "hour_metrics": [
                  {
                    "enabled": true,
                    "include_apis": true,
                    "retention_policy_days": 7,
                    "version": "1.0"
                  }
                ],
                "logging": [
                  {
                    "delete": false,
                    "read": false,
                    "retention_policy_days": 0,
                    "version": "1.0",
                    "write": false
                  }
                ],
                "minute_metrics": [
                  {
                    "enabled": false,
                    "include_apis": false,
                    "retention_policy_days": 0,
                    "version": "1.0"
                  }
                ]
              }
            ],
            "resource_group_name": "kubernetes_rg",
            "secondary_access_key": "bkrwXY+s7n7W0lSWbyRGULP2gOvyiyTHjr59ic4vMpl36p7VNs2kkhplH8HSZSFoT0JzU6IjUEVdo8xcm3sNTA==",
            "secondary_blob_connection_string": "",
            "secondary_blob_endpoint": null,
            "secondary_blob_host": null,
            "secondary_connection_string": "DefaultEndpointsProtocol=https;AccountName=studentstorageaccountcp2;AccountKey=bkrwXY+s7n7W0lSWbyRGULP2gOvyiyTHjr59ic4vMpl36p7VNs2kkhplH8HSZSFoT0JzU6IjUEVdo8xcm3sNTA==;EndpointSuffix=core.windows.net",
            "secondary_dfs_endpoint": null,
            "secondary_dfs_host": null,
            "secondary_file_endpoint": null,
            "secondary_file_host": null,
            "secondary_location": "",
            "secondary_queue_endpoint": null,
            "secondary_queue_host": null,
            "secondary_table_endpoint": null,
            "secondary_table_host": null,
            "secondary_web_endpoint": null,
            "secondary_web_host": null,
            "static_website": [],
            "tags": {
              "environment": "CP2"
            },
            "timeouts": null
          },
          "sensitive_attributes": [],
          "private": "eyJlMmJmYjczMC1lY2FhLTExZTYtOGY4OC0zNDM2M2JjN2M0YzAiOnsiY3JlYXRlIjozNjAwMDAwMDAwMDAwLCJkZWxldGUiOjM2MDAwMDAwMDAwMDAsInJlYWQiOjMwMDAwMDAwMDAwMCwidXBkYXRlIjozNjAwMDAwMDAwMDAwfSwic2NoZW1hX3ZlcnNpb24iOiIyIn0=",
          "dependencies": [
            "azurerm_resource_group.rg"
          ]
        }
      ]
    },
    {
      "mode": "managed",
      "type": "azurerm_subnet",
      "name": "mySubnet",
      "provider": "provider[\"registry.terraform.io/hashicorp/azurerm\"]",
      "instances": [
        {
          "schema_version": 0,
          "attributes": {
            "address_prefix": "10.0.1.0/24",
            "address_prefixes": [
              "10.0.1.0/24"
            ],
            "delegation": [],
            "enforce_private_link_endpoint_network_policies": false,
            "enforce_private_link_service_network_policies": false,
            "id": "/subscriptions/d89ae854-96c9-4b68-a01a-d0dbc5667745/resourceGroups/kubernetes_rg/providers/Microsoft.Network/virtualNetworks/kubernetesnet/subnets/terraformsubnet",
            "name": "terraformsubnet",
            "resource_group_name": "kubernetes_rg",
            "service_endpoint_policy_ids": null,
            "service_endpoints": null,
            "timeouts": null,
            "virtual_network_name": "kubernetesnet"
          },
          "sensitive_attributes": [],
          "private": "eyJlMmJmYjczMC1lY2FhLTExZTYtOGY4OC0zNDM2M2JjN2M0YzAiOnsiY3JlYXRlIjoxODAwMDAwMDAwMDAwLCJkZWxldGUiOjE4MDAwMDAwMDAwMDAsInJlYWQiOjMwMDAwMDAwMDAwMCwidXBkYXRlIjoxODAwMDAwMDAwMDAwfX0=",
          "dependencies": [
            "azurerm_resource_group.rg",
            "azurerm_virtual_network.myNet"
          ]
        }
      ]
    },
    {
      "mode": "managed",
      "type": "azurerm_virtual_network",
      "name": "myNet",
      "provider": "provider[\"registry.terraform.io/hashicorp/azurerm\"]",
      "instances": [
        {
          "schema_version": 0,
          "attributes": {
            "address_space": [
              "10.0.0.0/16"
            ],
            "bgp_community": "",
            "ddos_protection_plan": [],
            "dns_servers": null,
            "guid": "cc879bbe-ca98-4a4d-95f0-8bb4f9c15555",
            "id": "/subscriptions/d89ae854-96c9-4b68-a01a-d0dbc5667745/resourceGroups/kubernetes_rg/providers/Microsoft.Network/virtualNetworks/kubernetesnet",
            "location": "westeurope",
            "name": "kubernetesnet",
            "resource_group_name": "kubernetes_rg",
            "subnet": [],
            "tags": {
              "environment": "CP2"
            },
            "timeouts": null,
            "vm_protection_enabled": false
          },
          "sensitive_attributes": [],
          "private": "eyJlMmJmYjczMC1lY2FhLTExZTYtOGY4OC0zNDM2M2JjN2M0YzAiOnsiY3JlYXRlIjoxODAwMDAwMDAwMDAwLCJkZWxldGUiOjE4MDAwMDAwMDAwMDAsInJlYWQiOjMwMDAwMDAwMDAwMCwidXBkYXRlIjoxODAwMDAwMDAwMDAwfX0=",
          "dependencies": [
            "azurerm_resource_group.rg"
          ]
        }
      ]
    }
  ]
}
